lockfileVersion: '9.0'

settings:
  autoInstallPeers: true
  excludeLinksFromLockfile: false

importers:

  .:
    dependencies:
      undici:
        specifier: ^7.20.0
        version: 7.20.0

packages:

  undici@7.20.0:
    resolution: {integrity: sha512-MJZrkjyd7DeC+uPZh+5/YaMDxFiiEEaDgbUSVMXayofAkDWF1088CDo+2RPg7B1BuS1qf1vgNE7xqwPxE0DuSQ==}
    engines: {node: '>=20.18.1'}

snapshots:

  undici@7.20.0: {}
